Microsoft Visual Studio Solution File, Format Version 12.00
# Visual Studio 15
VisualStudioVersion = 15.0.26730.16
MinimumVisualStudioVersion = 10.0.40219.1
Project("{FAE04EC0-301F-11D3-BF4B-00C04F79EFBC}") = "AspNetCoreDashboardWebApplication", "AspNetCoreDashboardWebApplication\AspNetCoreDashboardWebApplication.csproj", "{184E3CD6-A9E8-477B-AAE5-A841F0268434}"
EndProject
Global
	GlobalSection(SolutionConfigurationPlatforms) = preSolution
		Debug|Any CPU = Debug|Any CPU
		Release|Any CPU = Release|Any CPU
	EndGlobalSection
	GlobalSection(ProjectConfigurationPlatforms) = postSolution
		{184E3CD6-A9E8-477B-AAE5-A841F0268434}.Debug|Any CPU.ActiveCfg = Debug|Any CPU
		{184E3CD6-A9E8-477B-AAE5-A841F0268434}.Debug|Any CPU.Build.0 = Debug|Any CPU
		{184E3CD6-A9E8-477B-AAE5-A841F0268434}.Release|Any CPU.ActiveCfg = Release|Any CPU
		{184E3CD6-A9E8-477B-AAE5-A841F0268434}.Release|Any CPU.Build.0 = Release|Any CPU
	EndGlobalSection
	GlobalSection(SolutionProperties) = preSolution
		HideSolutionNode = FALSE
	EndGlobalSection
	GlobalSection(ExtensibilityGlobals) = postSolution
		SolutionGuid = {1685B63D-ECDB-4489-BE0C-846BC623093E}
	EndGlobalSection
EndGlobal
